<?xml version="1.0" encoding="utf-8"?>
<Project ToolsVersion="4.0" xmlns="http://schemas.microsoft.com/developer/msbuild/2003">
  <ItemGroup>
    <Filter Include="AudioManager">
      <UniqueIdentifier>{92CF0897-7E32-983B-27B8-D0F113FA63BE}</UniqueIdentifier>
    </Filter>
    <Filter Include="Debug">
      <UniqueIdentifier>{0C95060D-78A9-2EBE-412B-D21DADFE2AEF}</UniqueIdentifier>
    </Filter>
    <Filter Include="ObjectPooling">
      <UniqueIdentifier>{94BB30AC-007C-ACE2-C9B6-F55F3536F1BE}</UniqueIdentifier>
    </Filter>
    <Filter Include="vendor">
      <UniqueIdentifier>{B3738122-9F15-ACF8-88D0-BF4C74113349}</UniqueIdentifier>
    </Filter>
    <Filter Include="vendor\DearImGUI">
      <UniqueIdentifier>{B9AD1AFC-A5A6-394E-CED8-1ED3BA30195A}</UniqueIdentifier>
    </Filter>
  </ItemGroup>
  <ItemGroup>
    <ClInclude Include="src\AudioManager\AudioLibrary.h">
      <Filter>AudioManager</Filter>
    </ClInclude>
    <ClInclude Include="src\AudioManager\AudioManager.h">
      <Filter>AudioManager</Filter>
    </ClInclude>
    <ClInclude Include="src\AudioManager\AudioManipulator.h">
      <Filter>AudioManager</Filter>
    </ClInclude>
    <ClInclude Include="src\AudioManager\AudioPlayer.h">
      <Filter>AudioManager</Filter>
    </ClInclude>
    <ClInclude Include="src\AudioManager\Channel.h">
      <Filter>AudioManager</Filter>
    </ClInclude>
    <ClInclude Include="src\Debug\Assertion.h">
      <Filter>Debug</Filter>
    </ClInclude>
    <ClInclude Include="src\Debug\FMODErrorLog.h">
      <Filter>Debug</Filter>
    </ClInclude>
    <ClInclude Include="src\Debug\Log.h">
      <Filter>Debug</Filter>
    </ClInclude>
    <ClInclude Include="src\ObjectPooling\Pool.h">
      <Filter>ObjectPooling</Filter>
    </ClInclude>
    <ClInclude Include="src\ObjectPooling\PoolObject.h">
      <Filter>ObjectPooling</Filter>
    </ClInclude>
    <ClInclude Include="src\pch.h" />
    <ClInclude Include="src\vendor\DearImGUI\imconfig.h">
      <Filter>vendor\DearImGUI</Filter>
    </ClInclude>
    <ClInclude Include="src\vendor\DearImGUI\imgui.h">
      <Filter>vendor\DearImGUI</Filter>
    </ClInclude>
    <ClInclude Include="src\vendor\DearImGUI\imgui_impl_glfw.h">
      <Filter>vendor\DearImGUI</Filter>
    </ClInclude>
    <ClInclude Include="src\vendor\DearImGUI\imgui_impl_opengl3.h">
      <Filter>vendor\DearImGUI</Filter>
    </ClInclude>
    <ClInclude Include="src\vendor\DearImGUI\imgui_impl_opengl3_loader.h">
      <Filter>vendor\DearImGUI</Filter>
    </ClInclude>
    <ClInclude Include="src\vendor\DearImGUI\imgui_internal.h">
      <Filter>vendor\DearImGUI</Filter>
    </ClInclude>
    <ClInclude Include="src\vendor\DearImGUI\imstb_rectpack.h">
      <Filter>vendor\DearImGUI</Filter>
    </ClInclude>
    <ClInclude Include="src\vendor\DearImGUI\imstb_textedit.h">
      <Filter>vendor\DearImGUI</Filter>
    </ClInclude>
    <ClInclude Include="src\vendor\DearImGUI\imstb_truetype.h">
      <Filter>vendor\DearImGUI</Filter>
    </ClInclude>
    <ClInclude Include="src\ImGuiRenderer.h" />
  </ItemGroup>
  <ItemGroup>
    <ClCompile Include="src\AudioManager\AudioLibrary.cpp">
      <Filter>AudioManager</Filter>
    </ClCompile>
    <ClCompile Include="src\AudioManager\AudioManager.cpp">
      <Filter>AudioManager</Filter>
    </ClCompile>
    <ClCompile Include="src\AudioManager\AudioManipulator.cpp">
      <Filter>AudioManager</Filter>
    </ClCompile>
    <ClCompile Include="src\AudioManager\AudioPlayer.cpp">
      <Filter>AudioManager</Filter>
    </ClCompile>
    <ClCompile Include="src\AudioManager\Channel.cpp">
      <Filter>AudioManager</Filter>
    </ClCompile>
    <ClCompile Include="src\Debug\FMODErrorLog.cpp">
      <Filter>Debug</Filter>
    </ClCompile>
    <ClCompile Include="src\Debug\Log.cpp">
      <Filter>Debug</Filter>
    </ClCompile>
    <ClCompile Include="src\Main.cpp" />
    <ClCompile Include="src\pch.cpp" />
    <ClCompile Include="src\vendor\DearImGUI\imgui.cpp">
      <Filter>vendor\DearImGUI</Filter>
    </ClCompile>
    <ClCompile Include="src\vendor\DearImGUI\imgui_demo.cpp">
      <Filter>vendor\DearImGUI</Filter>
    </ClCompile>
    <ClCompile Include="src\vendor\DearImGUI\imgui_draw.cpp">
      <Filter>vendor\DearImGUI</Filter>
    </ClCompile>
    <ClCompile Include="src\vendor\DearImGUI\imgui_impl_glfw.cpp">
      <Filter>vendor\DearImGUI</Filter>
    </ClCompile>
    <ClCompile Include="src\vendor\DearImGUI\imgui_impl_opengl3.cpp">
      <Filter>vendor\DearImGUI</Filter>
    </ClCompile>
    <ClCompile Include="src\vendor\DearImGUI\imgui_tables.cpp">
      <Filter>vendor\DearImGUI</Filter>
    </ClCompile>
    <ClCompile Include="src\vendor\DearImGUI\imgui_widgets.cpp">
      <Filter>vendor\DearImGUI</Filter>
    </ClCompile>
    <ClCompile Include="src\ImGuiRenderer.cpp" />
  </ItemGroup>
</Project>